
Microsoft Visual Studio Solution File, Format Version 12.00
# Visual Studio 2012
Project("{FAE04EC0-301F-11D3-BF4B-00C04F79EFBC}") = "NServiceBus.SQS", "NServiceBus.SQS\NServiceBus.SQS.csproj", "{A40EBAE3-ADF8-4CD8-87DA-025BCA6BA1C2}"
EndProject
Project("{FAE04EC0-301F-11D3-BF4B-00C04F79EFBC}") = "NServiceBus.SQS.Tests", "NServiceBus.SQS.Tests\NServiceBus.SQS.Tests.csproj", "{7E15376E-8902-49AA-8AB9-3916A012D588}"
EndProject
Project("{FAE04EC0-301F-11D3-BF4B-00C04F79EFBC}") = "NServiceBus.SQS.IntegrationTests", "NServiceBus.SQS.IntegrationTests\NServiceBus.SQS.IntegrationTests.csproj", "{8747782D-0BDB-4FA3-9C59-C0920E289339}"
EndProject
Project("{FAE04EC0-301F-11D3-BF4B-00C04F79EFBC}") = "NServiceBus.SQS.NuGet", "NServiceBus.SQS.NuGet\NServiceBus.SQS.NuGet.csproj", "{0451BAEF-DF2E-4B98-8644-94EE9415E389}"
EndProject
Global
	GlobalSection(SolutionConfigurationPlatforms) = preSolution
		Debug|Any CPU = Debug|Any CPU
		Release|Any CPU = Release|Any CPU
	EndGlobalSection
	GlobalSection(ProjectConfigurationPlatforms) = postSolution
		{A40EBAE3-ADF8-4CD8-87DA-025BCA6BA1C2}.Debug|Any CPU.ActiveCfg = Debug|Any CPU
		{A40EBAE3-ADF8-4CD8-87DA-025BCA6BA1C2}.Debug|Any CPU.Build.0 = Debug|Any CPU
		{A40EBAE3-ADF8-4CD8-87DA-025BCA6BA1C2}.Release|Any CPU.ActiveCfg = Release|Any CPU
		{A40EBAE3-ADF8-4CD8-87DA-025BCA6BA1C2}.Release|Any CPU.Build.0 = Release|Any CPU
		{7E15376E-8902-49AA-8AB9-3916A012D588}.Debug|Any CPU.ActiveCfg = Debug|Any CPU
		{7E15376E-8902-49AA-8AB9-3916A012D588}.Debug|Any CPU.Build.0 = Debug|Any CPU
		{7E15376E-8902-49AA-8AB9-3916A012D588}.Release|Any CPU.ActiveCfg = Release|Any CPU
		{7E15376E-8902-49AA-8AB9-3916A012D588}.Release|Any CPU.Build.0 = Release|Any CPU
		{8747782D-0BDB-4FA3-9C59-C0920E289339}.Debug|Any CPU.ActiveCfg = Debug|Any CPU
		{8747782D-0BDB-4FA3-9C59-C0920E289339}.Debug|Any CPU.Build.0 = Debug|Any CPU
		{8747782D-0BDB-4FA3-9C59-C0920E289339}.Release|Any CPU.ActiveCfg = Release|Any CPU
		{8747782D-0BDB-4FA3-9C59-C0920E289339}.Release|Any CPU.Build.0 = Release|Any CPU
		{0451BAEF-DF2E-4B98-8644-94EE9415E389}.Debug|Any CPU.ActiveCfg = Debug|Any CPU
		{0451BAEF-DF2E-4B98-8644-94EE9415E389}.Debug|Any CPU.Build.0 = Debug|Any CPU
		{0451BAEF-DF2E-4B98-8644-94EE9415E389}.Release|Any CPU.ActiveCfg = Release|Any CPU
		{0451BAEF-DF2E-4B98-8644-94EE9415E389}.Release|Any CPU.Build.0 = Release|Any CPU
	EndGlobalSection
	GlobalSection(SolutionProperties) = preSolution
		HideSolutionNode = FALSE
	EndGlobalSection
EndGlobal
